
Microsoft Visual Studio Solution File, Format Version 12.00
Project("{FAE04EC0-301F-11D3-BF4B-00C04F79EFBC}") = "RoleGame", "RoleGame\RoleGame.csproj", "{B71BCB20-0B65-4D2D-A073-2BCABCFEC399}"
EndProject
Global
	GlobalSection(SolutionConfigurationPlatforms) = preSolution
		Debug|Any CPU = Debug|Any CPU
		Release|Any CPU = Release|Any CPU
	EndGlobalSection
	GlobalSection(ProjectConfigurationPlatforms) = postSolution
		{B71BCB20-0B65-4D2D-A073-2BCABCFEC399}.Debug|Any CPU.ActiveCfg = Debug|Any CPU
		{B71BCB20-0B65-4D2D-A073-2BCABCFEC399}.Debug|Any CPU.Build.0 = Debug|Any CPU
		{B71BCB20-0B65-4D2D-A073-2BCABCFEC399}.Release|Any CPU.ActiveCfg = Release|Any CPU
		{B71BCB20-0B65-4D2D-A073-2BCABCFEC399}.Release|Any CPU.Build.0 = Release|Any CPU
	EndGlobalSection
EndGlobal
